// !$*UTF8*$!
{
	archiveVersion = 1;
	classes = {
	};
	objectVersion = 46;
	objects = {

/* Begin PBXAggregateTarget section */
		"GoogleStaticMapsKit::GoogleStaticMapsKitPackageTests::ProductTarget" /* GoogleStaticMapsKitPackageTests */ = {
			isa = PBXAggregateTarget;
			buildConfigurationList = OBJ_58 /* Build configuration list for PBXAggregateTarget "GoogleStaticMapsKitPackageTests" */;
			buildPhases = (
			);
			dependencies = (
				OBJ_61 /* PBXTargetDependency */,
			);
			name = GoogleStaticMapsKitPackageTests;
			productName = GoogleStaticMapsKitPackageTests;
		};
/* End PBXAggregateTarget section */

/* Begin PBXBuildFile section */
		OBJ_31 /* Package.swift in Sources */ = {isa = PBXBuildFile; fileRef = OBJ_6 /* Package.swift */; };
		OBJ_37 /* GoogleStaticMapsKitTests.swift in Sources */ = {isa = PBXBuildFile; fileRef = OBJ_20 /* GoogleStaticMapsKitTests.swift */; };
		OBJ_39 /* GoogleStaticMapsKit.framework in Frameworks */ = {isa = PBXBuildFile; fileRef = "GoogleStaticMapsKit::GoogleStaticMapsKit::Product" /* GoogleStaticMapsKit.framework */; };
		OBJ_46 /* Error.swift in Sources */ = {isa = PBXBuildFile; fileRef = OBJ_8 /* Error.swift */; };
		OBJ_47 /* Feature.swift in Sources */ = {isa = PBXBuildFile; fileRef = OBJ_9 /* Feature.swift */; };
		OBJ_48 /* GoogleStaticMaps.swift in Sources */ = {isa = PBXBuildFile; fileRef = OBJ_10 /* GoogleStaticMaps.swift */; };
		OBJ_49 /* Location.swift in Sources */ = {isa = PBXBuildFile; fileRef = OBJ_11 /* Location.swift */; };
		OBJ_50 /* Marker.swift in Sources */ = {isa = PBXBuildFile; fileRef = OBJ_12 /* Marker.swift */; };
		OBJ_51 /* Parameters.swift in Sources */ = {isa = PBXBuildFile; fileRef = OBJ_13 /* Parameters.swift */; };
		OBJ_52 /* Query.swift in Sources */ = {isa = PBXBuildFile; fileRef = OBJ_14 /* Query.swift */; };
		OBJ_53 /* Style.swift in Sources */ = {isa = PBXBuildFile; fileRef = OBJ_15 /* Style.swift */; };
		OBJ_54 /* StylesImport.swift in Sources */ = {isa = PBXBuildFile; fileRef = OBJ_16 /* StylesImport.swift */; };
		OBJ_55 /* URL.swift in Sources */ = {isa = PBXBuildFile; fileRef = OBJ_17 /* URL.swift */; };
/* End PBXBuildFile section */

/* Begin PBXContainerItemProxy section */
		3B46C6551FFF82E5003E8E6F /* PBXContainerItemProxy */ = {
			isa = PBXContainerItemProxy;
			containerPortal = OBJ_1 /* Project object */;
			proxyType = 1;
			remoteGlobalIDString = "GoogleStaticMapsKit::GoogleStaticMapsKit";
			remoteInfo = GoogleStaticMapsKit;
		};
		3B46C6561FFF82E5003E8E6F /* PBXContainerItemProxy */ = {
			isa = PBXContainerItemProxy;
			containerPortal = OBJ_1 /* Project object */;
			proxyType = 1;
			remoteGlobalIDString = "GoogleStaticMapsKit::GoogleStaticMapsKitTests";
			remoteInfo = GoogleStaticMapsKitTests;
		};
/* End PBXContainerItemProxy section */

/* Begin PBXFileReference section */
		"GoogleStaticMapsKit::GoogleStaticMapsKit::Product" /* GoogleStaticMapsKit.framework */ = {isa = PBXFileReference; explicitFileType = wrapper.framework; path = GoogleStaticMapsKit.framework; sourceTree = BUILT_PRODUCTS_DIR; };
		"GoogleStaticMapsKit::GoogleStaticMapsKitTests::Product" /* GoogleStaticMapsKitTests.xctest */ = {isa = PBXFileReference; lastKnownFileType = file; path = GoogleStaticMapsKitTests.xctest; sourceTree = BUILT_PRODUCTS_DIR; };
		OBJ_10 /* GoogleStaticMaps.swift */ = {isa = PBXFileReference; lastKnownFileType = sourcecode.swift; path = GoogleStaticMaps.swift; sourceTree = "<group>"; };
		OBJ_11 /* Location.swift */ = {isa = PBXFileReference; lastKnownFileType = sourcecode.swift; path = Location.swift; sourceTree = "<group>"; };
		OBJ_12 /* Marker.swift */ = {isa = PBXFileReference; lastKnownFileType = sourcecode.swift; path = Marker.swift; sourceTree = "<group>"; };
		OBJ_13 /* Parameters.swift */ = {isa = PBXFileReference; lastKnownFileType = sourcecode.swift; path = Parameters.swift; sourceTree = "<group>"; };
		OBJ_14 /* Query.swift */ = {isa = PBXFileReference; lastKnownFileType = sourcecode.swift; path = Query.swift; sourceTree = "<group>"; };
		OBJ_15 /* Style.swift */ = {isa = PBXFileReference; lastKnownFileType = sourcecode.swift; path = Style.swift; sourceTree = "<group>"; };
		OBJ_16 /* StylesImport.swift */ = {isa = PBXFileReference; lastKnownFileType = sourcecode.swift; path = StylesImport.swift; sourceTree = "<group>"; };
		OBJ_17 /* URL.swift */ = {isa = PBXFileReference; lastKnownFileType = sourcecode.swift; path = URL.swift; sourceTree = "<group>"; };
		OBJ_20 /* GoogleStaticMapsKitTests.swift */ = {isa = PBXFileReference; lastKnownFileType = sourcecode.swift; path = GoogleStaticMapsKitTests.swift; sourceTree = "<group>"; };
		OBJ_21 /* Assets */ = {isa = PBXFileReference; lastKnownFileType = folder; path = Assets; sourceTree = SOURCE_ROOT; };
		OBJ_22 /* Configs */ = {isa = PBXFileReference; lastKnownFileType = folder; path = Configs; sourceTree = SOURCE_ROOT; };
		OBJ_6 /* Package.swift */ = {isa = PBXFileReference; explicitFileType = sourcecode.swift; path = Package.swift; sourceTree = "<group>"; };
		OBJ_8 /* Error.swift */ = {isa = PBXFileReference; lastKnownFileType = sourcecode.swift; path = Error.swift; sourceTree = "<group>"; };
		OBJ_9 /* Feature.swift */ = {isa = PBXFileReference; lastKnownFileType = sourcecode.swift; path = Feature.swift; sourceTree = "<group>"; };
/* End PBXFileReference section */

/* Begin PBXFrameworksBuildPhase section */
		OBJ_38 /* Frameworks */ = {
			isa = PBXFrameworksBuildPhase;
			buildActionMask = 0;
			files = (
				OBJ_39 /* GoogleStaticMapsKit.framework in Frameworks */,
			);
			runOnlyForDeploymentPostprocessing = 0;
		};
		OBJ_56 /* Frameworks */ = {
			isa = PBXFrameworksBuildPhase;
			buildActionMask = 0;
			files = (
			);
			runOnlyForDeploymentPostprocessing = 0;
		};
/* End PBXFrameworksBuildPhase section */

/* Begin PBXGroup section */
		OBJ_18 /* Tests */ = {
			isa = PBXGroup;
			children = (
				OBJ_19 /* GoogleStaticMapsKitTests */,
			);
			path = Tests;
			sourceTree = SOURCE_ROOT;
		};
		OBJ_19 /* GoogleStaticMapsKitTests */ = {
			isa = PBXGroup;
			children = (
				OBJ_20 /* GoogleStaticMapsKitTests.swift */,
			);
			path = GoogleStaticMapsKitTests;
			sourceTree = "<group>";
		};
		OBJ_23 /* Products */ = {
			isa = PBXGroup;
			children = (
				"GoogleStaticMapsKit::GoogleStaticMapsKitTests::Product" /* GoogleStaticMapsKitTests.xctest */,
				"GoogleStaticMapsKit::GoogleStaticMapsKit::Product" /* GoogleStaticMapsKit.framework */,
			);
			name = Products;
			sourceTree = BUILT_PRODUCTS_DIR;
		};
		OBJ_5 /*  */ = {
			isa = PBXGroup;
			children = (
				OBJ_6 /* Package.swift */,
				OBJ_7 /* Sources */,
				OBJ_18 /* Tests */,
				OBJ_21 /* Assets */,
				OBJ_22 /* Configs */,
				OBJ_23 /* Products */,
			);
			name = "";
			sourceTree = "<group>";
		};
		OBJ_7 /* Sources */ = {
			isa = PBXGroup;
			children = (
				OBJ_8 /* Error.swift */,
				OBJ_9 /* Feature.swift */,
				OBJ_10 /* GoogleStaticMaps.swift */,
				OBJ_11 /* Location.swift */,
				OBJ_12 /* Marker.swift */,
				OBJ_13 /* Parameters.swift */,
				OBJ_14 /* Query.swift */,
				OBJ_15 /* Style.swift */,
				OBJ_16 /* StylesImport.swift */,
				OBJ_17 /* URL.swift */,
			);
			path = Sources;
			sourceTree = SOURCE_ROOT;
		};
/* End PBXGroup section */

/* Begin PBXNativeTarget section */
		"GoogleStaticMapsKit::GoogleStaticMapsKit" /* GoogleStaticMapsKit */ = {
			isa = PBXNativeTarget;
			buildConfigurationList = OBJ_42 /* Build configuration list for PBXNativeTarget "GoogleStaticMapsKit" */;
			buildPhases = (
				OBJ_45 /* Sources */,
				OBJ_56 /* Frameworks */,
			);
			buildRules = (
			);
			dependencies = (
			);
			name = GoogleStaticMapsKit;
			productName = GoogleStaticMapsKit;
			productReference = "GoogleStaticMapsKit::GoogleStaticMapsKit::Product" /* GoogleStaticMapsKit.framework */;
			productType = "com.apple.product-type.framework";
		};
		"GoogleStaticMapsKit::GoogleStaticMapsKitTests" /* GoogleStaticMapsKitTests */ = {
			isa = PBXNativeTarget;
			buildConfigurationList = OBJ_33 /* Build configuration list for PBXNativeTarget "GoogleStaticMapsKitTests" */;
			buildPhases = (
				OBJ_36 /* Sources */,
				OBJ_38 /* Frameworks */,
			);
			buildRules = (
			);
			dependencies = (
				OBJ_40 /* PBXTargetDependency */,
			);
			name = GoogleStaticMapsKitTests;
			productName = GoogleStaticMapsKitTests;
			productReference = "GoogleStaticMapsKit::GoogleStaticMapsKitTests::Product" /* GoogleStaticMapsKitTests.xctest */;
			productType = "com.apple.product-type.bundle.unit-test";
		};
		"GoogleStaticMapsKit::SwiftPMPackageDescription" /* GoogleStaticMapsKitPackageDescription */ = {
			isa = PBXNativeTarget;
			buildConfigurationList = OBJ_27 /* Build configuration list for PBXNativeTarget "GoogleStaticMapsKitPackageDescription" */;
			buildPhases = (
				OBJ_30 /* Sources */,
			);
			buildRules = (
			);
			dependencies = (
			);
			name = GoogleStaticMapsKitPackageDescription;
			productName = GoogleStaticMapsKitPackageDescription;
			productType = "com.apple.product-type.framework";
		};
/* End PBXNativeTarget section */

/* Begin PBXProject section */
		OBJ_1 /* Project object */ = {
			isa = PBXProject;
			attributes = {
				LastUpgradeCheck = 9999;
			};
			buildConfigurationList = OBJ_2 /* Build configuration list for PBXProject "GoogleStaticMapsKit" */;
			compatibilityVersion = "Xcode 3.2";
			developmentRegion = English;
			hasScannedForEncodings = 0;
			knownRegions = (
				en,
			);
			mainGroup = OBJ_5 /*  */;
			productRefGroup = OBJ_23 /* Products */;
			projectDirPath = "";
			projectRoot = "";
			targets = (
				"GoogleStaticMapsKit::SwiftPMPackageDescription" /* GoogleStaticMapsKitPackageDescription */,
				"GoogleStaticMapsKit::GoogleStaticMapsKitTests" /* GoogleStaticMapsKitTests */,
				"GoogleStaticMapsKit::GoogleStaticMapsKit" /* GoogleStaticMapsKit */,
				"GoogleStaticMapsKit::GoogleStaticMapsKitPackageTests::ProductTarget" /* GoogleStaticMapsKitPackageTests */,
			);
		};
/* End PBXProject section */

/* Begin PBXSourcesBuildPhase section */
		OBJ_30 /* Sources */ = {
			isa = PBXSourcesBuildPhase;
			buildActionMask = 0;
			files = (
				OBJ_31 /* Package.swift in Sources */,
			);
			runOnlyForDeploymentPostprocessing = 0;
		};
		OBJ_36 /* Sources */ = {
			isa = PBXSourcesBuildPhase;
			buildActionMask = 0;
			files = (
				OBJ_37 /* GoogleStaticMapsKitTests.swift in Sources */,
			);
			runOnlyForDeploymentPostprocessing = 0;
		};
		OBJ_45 /* Sources */ = {
			isa = PBXSourcesBuildPhase;
			buildActionMask = 0;
			files = (
				OBJ_46 /* Error.swift in Sources */,
				OBJ_47 /* Feature.swift in Sources */,
				OBJ_48 /* GoogleStaticMaps.swift in Sources */,
				OBJ_49 /* Location.swift in Sources */,
				OBJ_50 /* Marker.swift in Sources */,
				OBJ_51 /* Parameters.swift in Sources */,
				OBJ_52 /* Query.swift in Sources */,
				OBJ_53 /* Style.swift in Sources */,
				OBJ_54 /* StylesImport.swift in Sources */,
				OBJ_55 /* URL.swift in Sources */,
			);
			runOnlyForDeploymentPostprocessing = 0;
		};
/* End PBXSourcesBuildPhase section */

/* Begin PBXTargetDependency section */
		OBJ_40 /* PBXTargetDependency */ = {
			isa = PBXTargetDependency;
			target = "GoogleStaticMapsKit::GoogleStaticMapsKit" /* GoogleStaticMapsKit */;
			targetProxy = 3B46C6551FFF82E5003E8E6F /* PBXContainerItemProxy */;
		};
		OBJ_61 /* PBXTargetDependency */ = {
			isa = PBXTargetDependency;
			target = "GoogleStaticMapsKit::GoogleStaticMapsKitTests" /* GoogleStaticMapsKitTests */;
			targetProxy = 3B46C6561FFF82E5003E8E6F /* PBXContainerItemProxy */;
		};
/* End PBXTargetDependency section */

/* Begin XCBuildConfiguration section */
		OBJ_28 /* Debug */ = {
			isa = XCBuildConfiguration;
			buildSettings = {
				LD = /usr/bin/true;
				OTHER_SWIFT_FLAGS = "-swift-version 4 -I /Applications/Xcode-9.2.0.app/Contents/Developer/Toolchains/XcodeDefault.xctoolchain/usr/lib/swift/pm/4 -target x86_64-apple-macosx10.10 -sdk /Applications/Xcode-9.2.0.app/Contents/Developer/Platforms/MacOSX.platform/Developer/SDKs/MacOSX10.13.sdk";
				SWIFT_VERSION = 4.0;
			};
			name = Debug;
		};
		OBJ_29 /* Release */ = {
			isa = XCBuildConfiguration;
			buildSettings = {
				LD = /usr/bin/true;
				OTHER_SWIFT_FLAGS = "-swift-version 4 -I /Applications/Xcode-9.2.0.app/Contents/Developer/Toolchains/XcodeDefault.xctoolchain/usr/lib/swift/pm/4 -target x86_64-apple-macosx10.10 -sdk /Applications/Xcode-9.2.0.app/Contents/Developer/Platforms/MacOSX.platform/Developer/SDKs/MacOSX10.13.sdk";
				SWIFT_VERSION = 4.0;
			};
			name = Release;
		};
		OBJ_3 /* Debug */ = {
			isa = XCBuildConfiguration;
			buildSettings = {
				CLANG_ENABLE_OBJC_ARC = YES;
				COMBINE_HIDPI_IMAGES = YES;
				COPY_PHASE_STRIP = NO;
				DEBUG_INFORMATION_FORMAT = dwarf;
				DYLIB_INSTALL_NAME_BASE = "@rpath";
				ENABLE_NS_ASSERTIONS = YES;
				GCC_OPTIMIZATION_LEVEL = 0;
				MACOSX_DEPLOYMENT_TARGET = 10.10;
				ONLY_ACTIVE_ARCH = YES;
				OTHER_SWIFT_FLAGS = "-DXcode";
				PRODUCT_NAME = "$(TARGET_NAME)";
				SDKROOT = macosx;
				SUPPORTED_PLATFORMS = "macosx iphoneos iphonesimulator appletvos appletvsimulator watchos watchsimulator";
				SWIFT_ACTIVE_COMPILATION_CONDITIONS = SWIFT_PACKAGE;
				SWIFT_OPTIMIZATION_LEVEL = "-Onone";
				USE_HEADERMAP = NO;
			};
			name = Debug;
		};
		OBJ_34 /* Debug */ = {
			isa = XCBuildConfiguration;
			buildSettings = {
				EMBEDDED_CONTENT_CONTAINS_SWIFT = YES;
				FRAMEWORK_SEARCH_PATHS = (
					"$(inherited)",
					"$(PLATFORM_DIR)/Developer/Library/Frameworks",
				);
				HEADER_SEARCH_PATHS = "$(inherited)";
				INFOPLIST_FILE = GoogleStaticMapsKit.xcodeproj/GoogleStaticMapsKitTests_Info.plist;
				LD_RUNPATH_SEARCH_PATHS = "@loader_path/../Frameworks @loader_path/Frameworks";
				OTHER_LDFLAGS = "$(inherited)";
				OTHER_SWIFT_FLAGS = "$(inherited)";
				SWIFT_VERSION = 4.0;
				TARGET_NAME = GoogleStaticMapsKitTests;
			};
			name = Debug;
		};
		OBJ_35 /* Release */ = {
			isa = XCBuildConfiguration;
			buildSettings = {
				EMBEDDED_CONTENT_CONTAINS_SWIFT = YES;
				FRAMEWORK_SEARCH_PATHS = (
					"$(inherited)",
					"$(PLATFORM_DIR)/Developer/Library/Frameworks",
				);
				HEADER_SEARCH_PATHS = "$(inherited)";
				INFOPLIST_FILE = GoogleStaticMapsKit.xcodeproj/GoogleStaticMapsKitTests_Info.plist;
				LD_RUNPATH_SEARCH_PATHS = "@loader_path/../Frameworks @loader_path/Frameworks";
				OTHER_LDFLAGS = "$(inherited)";
				OTHER_SWIFT_FLAGS = "$(inherited)";
				SWIFT_VERSION = 4.0;
				TARGET_NAME = GoogleStaticMapsKitTests;
			};
			name = Release;
		};
		OBJ_4 /* Release */ = {
			isa = XCBuildConfiguration;
			buildSettings = {
				CLANG_ENABLE_OBJC_ARC = YES;
				COMBINE_HIDPI_IMAGES = YES;
				COPY_PHASE_STRIP = YES;
				DEBUG_INFORMATION_FORMAT = "dwarf-with-dsym";
				DYLIB_INSTALL_NAME_BASE = "@rpath";
				GCC_OPTIMIZATION_LEVEL = s;
				MACOSX_DEPLOYMENT_TARGET = 10.10;
				OTHER_SWIFT_FLAGS = "-DXcode";
				PRODUCT_NAME = "$(TARGET_NAME)";
				SDKROOT = macosx;
				SUPPORTED_PLATFORMS = "macosx iphoneos iphonesimulator appletvos appletvsimulator watchos watchsimulator";
				SWIFT_ACTIVE_COMPILATION_CONDITIONS = SWIFT_PACKAGE;
				SWIFT_OPTIMIZATION_LEVEL = "-Owholemodule";
				USE_HEADERMAP = NO;
			};
			name = Release;
		};
		OBJ_43 /* Debug */ = {
			isa = XCBuildConfiguration;
			buildSettings = {
				ENABLE_TESTABILITY = YES;
				FRAMEWORK_SEARCH_PATHS = (
					"$(inherited)",
					"$(PLATFORM_DIR)/Developer/Library/Frameworks",
				);
				HEADER_SEARCH_PATHS = "$(inherited)";
				INFOPLIST_FILE = GoogleStaticMapsKit.xcodeproj/GoogleStaticMapsKit_Info.plist;
				LD_RUNPATH_SEARCH_PATHS = "$(TOOLCHAIN_DIR)/usr/lib/swift/macosx";
				OTHER_LDFLAGS = "$(inherited)";
				OTHER_SWIFT_FLAGS = "$(inherited)";
				PRODUCT_BUNDLE_IDENTIFIER = GoogleStaticMapsKit;
				PRODUCT_MODULE_NAME = "$(TARGET_NAME:c99extidentifier)";
				PRODUCT_NAME = "$(TARGET_NAME:c99extidentifier)";
				SKIP_INSTALL = YES;
				SWIFT_VERSION = 4.0;
				TARGET_NAME = GoogleStaticMapsKit;
			};
			name = Debug;
		};
		OBJ_44 /* Release */ = {
			isa = XCBuildConfiguration;
			buildSettings = {
				ENABLE_TESTABILITY = YES;
				FRAMEWORK_SEARCH_PATHS = (
					"$(inherited)",
					"$(PLATFORM_DIR)/Developer/Library/Frameworks",
				);
				HEADER_SEARCH_PATHS = "$(inherited)";
				INFOPLIST_FILE = GoogleStaticMapsKit.xcodeproj/GoogleStaticMapsKit_Info.plist;
				LD_RUNPATH_SEARCH_PATHS = "$(TOOLCHAIN_DIR)/usr/lib/swift/macosx";
				OTHER_LDFLAGS = "$(inherited)";
				OTHER_SWIFT_FLAGS = "$(inherited)";
				PRODUCT_BUNDLE_IDENTIFIER = GoogleStaticMapsKit;
				PRODUCT_MODULE_NAME = "$(TARGET_NAME:c99extidentifier)";
				PRODUCT_NAME = "$(TARGET_NAME:c99extidentifier)";
				SKIP_INSTALL = YES;
				SWIFT_VERSION = 4.0;
				TARGET_NAME = GoogleStaticMapsKit;
			};
			name = Release;
		};
		OBJ_59 /* Debug */ = {
			isa = XCBuildConfiguration;
			buildSettings = {
			};
			name = Debug;
		};
		OBJ_60 /* Release */ = {
			isa = XCBuildConfiguration;
			buildSettings = {
			};
			name = Release;
		};
/* End XCBuildConfiguration section */

/* Begin XCConfigurationList section */
		OBJ_2 /* Build configuration list for PBXProject "GoogleStaticMapsKit" */ = {
			isa = XCConfigurationList;
			buildConfigurations = (
				OBJ_3 /* Debug */,
				OBJ_4 /* Release */,
			);
			defaultConfigurationIsVisible = 0;
			defaultConfigurationName = Debug;
		};
		OBJ_27 /* Build configuration list for PBXNativeTarget "GoogleStaticMapsKitPackageDescription" */ = {
			isa = XCConfigurationList;
			buildConfigurations = (
				OBJ_28 /* Debug */,
				OBJ_29 /* Release */,
			);
			defaultConfigurationIsVisible = 0;
			defaultConfigurationName = Debug;
		};
		OBJ_33 /* Build configuration list for PBXNativeTarget "GoogleStaticMapsKitTests" */ = {
			isa = XCConfigurationList;
			buildConfigurations = (
				OBJ_34 /* Debug */,
				OBJ_35 /* Release */,
			);
			defaultConfigurationIsVisible = 0;
			defaultConfigurationName = Debug;
		};
		OBJ_42 /* Build configuration list for PBXNativeTarget "GoogleStaticMapsKit" */ = {
			isa = XCConfigurationList;
			buildConfigurations = (
				OBJ_43 /* Debug */,
				OBJ_44 /* Release */,
			);
			defaultConfigurationIsVisible = 0;
			defaultConfigurationName = Debug;
		};
		OBJ_58 /* Build configuration list for PBXAggregateTarget "GoogleStaticMapsKitPackageTests" */ = {
			isa = XCConfigurationList;
			buildConfigurations = (
				OBJ_59 /* Debug */,
				OBJ_60 /* Release */,
			);
			defaultConfigurationIsVisible = 0;
			defaultConfigurationName = Debug;
		};
/* End XCConfigurationList section */
	};
	rootObject = OBJ_1 /* Project object */;
}
